
Microsoft Visual Studio Solution File, Format Version 12.00
# Visual Studio Version 16
VisualStudioVersion = 16.0.28606.126
MinimumVisualStudioVersion = 10.0.40219.1
Project("{FAE04EC0-301F-11D3-BF4B-00C04F79EFBC}") = "SSDEEP.NET", "SSDEEP.NET\SSDEEP.NET.csproj", "{79B45E39-48C4-43FF-9525-CBFE953D7956}"
EndProject
Global
	GlobalSection(SolutionConfigurationPlatforms) = preSolution
		Debug|Any CPU = Debug|Any CPU
		Release|Any CPU = Release|Any CPU
	EndGlobalSection
	GlobalSection(ProjectConfigurationPlatforms) = postSolution
		{79B45E39-48C4-43FF-9525-CBFE953D7956}.Debug|Any CPU.ActiveCfg = Debug|Any CPU
		{79B45E39-48C4-43FF-9525-CBFE953D7956}.Debug|Any CPU.Build.0 = Debug|Any CPU
		{79B45E39-48C4-43FF-9525-CBFE953D7956}.Release|Any CPU.ActiveCfg = Release|Any CPU
		{79B45E39-48C4-43FF-9525-CBFE953D7956}.Release|Any CPU.Build.0 = Release|Any CPU
	EndGlobalSection
	GlobalSection(SolutionProperties) = preSolution
		HideSolutionNode = FALSE
	EndGlobalSection
	GlobalSection(ExtensibilityGlobals) = postSolution
		SolutionGuid = {51F4EDAA-0676-48E4-8C3A-46A863135BE0}
	EndGlobalSection
EndGlobal
